// !$*UTF8*$!
{
	archiveVersion = 1;
	classes = {
	};
	objectVersion = 56;
	objects = {

/* Begin PBXBuildFile section */
		02DDDD53D9968D2CADA8201B /* OrbTiming.swift in Sources */ = {isa = PBXBuildFile; fileRef = A81F3BD4E112BA660EC48BF0 /* OrbTiming.swift */; };
		02FC052DADB194497874806F /* GroupFormat.swift in Sources */ = {isa = PBXBuildFile; fileRef = BF1E37683D3D5D834C18C590 /* GroupFormat.swift */; };
		036824811F517C4322217883 /* SettlementTests.swift in Sources */ = {isa = PBXBuildFile; fileRef = 3BE817EC651053EF237EC870 /* SettlementTests.swift */; };
		088E11E5FC88D7B42474A366 /* PhaseScreen.swift in Sources */ = {isa = PBXBuildFile; fileRef = 58B68E20E88B30BF4AA8EB09 /* PhaseScreen.swift */; };
		112C5E49749D78A94ED93E4E /* GroupView.swift in Sources */ = {isa = PBXBuildFile; fileRef = 627FF682A612199D574BAC09 /* GroupView.swift */; };
		1A574CB05B5CC984D9BC151A /* HomeScreen.swift in Sources */ = {isa = PBXBuildFile; fileRef = BA9082E3B374885795918B06 /* HomeScreen.swift */; };
		1EF762F90E39EE19F0C08A1B /* PotCard.swift in Sources */ = {isa = PBXBuildFile; fileRef = B9C88AF75DA27EA96C1AF727 /* PotCard.swift */; };
		1F24252A6F539632BA48BC01 /* OnboardingView.swift in Sources */ = {isa = PBXBuildFile; fileRef = 8E99C70B2A5469912F19806B /* OnboardingView.swift */; };
		26F42BB5708554DCC03DF2BD /* Points.swift in Sources */ = {isa = PBXBuildFile; fileRef = 1CF44994B230704608A3D485 /* Points.swift */; };
		2A5B4BBC33611CE5B6E2DEB1 /* OrbView.swift in Sources */ = {isa = PBXBuildFile; fileRef = 2D2514E4B8D722C61D068D0D /* OrbView.swift */; };
		2A7B4A8ED0691A120F93183D /* AmbientBackground.swift in Sources */ = {isa = PBXBuildFile; fileRef = E4AABEF1276EC6B06E4A95CE /* AmbientBackground.swift */; };
		2CFA91AD814BF844AEED7363 /* GlyphModel.swift in Sources */ = {isa = PBXBuildFile; fileRef = A944BAEBEB77FD336E059C05 /* GlyphModel.swift */; };
		30DC02D35C3FE2D474C87989 /* HeaderView.swift in Sources */ = {isa = PBXBuildFile; fileRef = 8330209D9DAC8045F9712DC1 /* HeaderView.swift */; };
		3626F9DFB582D6CBD6F91E00 /* Theme.swift in Sources */ = {isa = PBXBuildFile; fileRef = 222BE1C655E211E9DC92163F /* Theme.swift */; };
		36A43B6E7A0106C421A99DFF /* CreateGroupSheet.swift in Sources */ = {isa = PBXBuildFile; fileRef = 6F38CBFF9B7CD4F57D509357 /* CreateGroupSheet.swift */; };
		376C32DF8A7620141B5DED95 /* SealedOrb.swift in Sources */ = {isa = PBXBuildFile; fileRef = 6E9825161DDA7FB20285A617 /* SealedOrb.swift */; };
		3F6B8BBDE1F5619C77E68D11 /* ShareInbox.swift in Sources */ = {isa = PBXBuildFile; fileRef = AEED0A0627EDFC839E095C00 /* ShareInbox.swift */; };
		40612136DF6902CED4BF4B95 /* LedgerCard.swift in Sources */ = {isa = PBXBuildFile; fileRef = 984AFEDE6036BC211C7A3E81 /* LedgerCard.swift */; };
		4317B5AC5F255406273FEE8C /* SheetChrome.swift in Sources */ = {isa = PBXBuildFile; fileRef = C690C9AFC67EA0C20ED8480E /* SheetChrome.swift */; };
		476547A094811487D58BF9FE /* GroupModels.swift in Sources */ = {isa = PBXBuildFile; fileRef = 7A57F1B3006D5E408B0ECA45 /* GroupModels.swift */; };
		4A4D0054846155EA3138D7BB /* JoinSheet.swift in Sources */ = {isa = PBXBuildFile; fileRef = 6BD303C05D21EF36C3AA483C /* JoinSheet.swift */; };
		4BB6DEBCBA67B2E4FAA85D03 /* DayClockTests.swift in Sources */ = {isa = PBXBuildFile; fileRef = 3230B51A50B1F904EB60E7F1 /* DayClockTests.swift */; };
		54AD128089C1EB2C127293EB /* ActiveOrb.swift in Sources */ = {isa = PBXBuildFile; fileRef = F5D732C82FE045289D27DFF8 /* ActiveOrb.swift */; };
		5FDC8D4E7287BF8B121E3113 /* OrbAura.swift in Sources */ = {isa = PBXBuildFile; fileRef = 62CBAC1C4381A1B63CE24B24 /* OrbAura.swift */; };
		659351953B130B26D5035C99 /* BalanceCard.swift in Sources */ = {isa = PBXBuildFile; fileRef = 91017A18F722E95BE64D7C7B /* BalanceCard.swift */; };
		66BCA557E73F166F73E6D44D /* AppDelegate.swift in Sources */ = {isa = PBXBuildFile; fileRef = 0F583E1D4F0C3B0397E9DF7D /* AppDelegate.swift */; };
		6D2BB00BC20BC80FB9AAA0CF /* VowText.swift in Sources */ = {isa = PBXBuildFile; fileRef = F37F9EE3BA3D53DE21709C95 /* VowText.swift */; };
		7D3556CC7C936B7324615D80 /* Creeds.swift in Sources */ = {isa = PBXBuildFile; fileRef = 1A59FE7E628F75DD144AE119 /* Creeds.swift */; };
		7FDB57C5626B73C3EA1A8EAE /* OrbHoldController.swift in Sources */ = {isa = PBXBuildFile; fileRef = A1A3F7B13A94FEAEB595306B /* OrbHoldController.swift */; };
		8017A0E6740A6814C05AFC6A /* Preferences.swift in Sources */ = {isa = PBXBuildFile; fileRef = F3532B26D3B82BB83460998C /* Preferences.swift */; };
		841CD7353574A33FBB149CFA /* PointsTests.swift in Sources */ = {isa = PBXBuildFile; fileRef = 32BE877B446BBDF58384ED61 /* PointsTests.swift */; };
		85E530AD3B0E2832FE150C88 /* Buttons.swift in Sources */ = {isa = PBXBuildFile; fileRef = 5D40939BB3123666EEE90856 /* Buttons.swift */; };
		85EAAE92A0E09C8BBD17D35D /* SettingsView.swift in Sources */ = {isa = PBXBuildFile; fileRef = 390A94F72DE72E95ACB96252 /* SettingsView.swift */; };
		87DC4671DA2F1B65DED3ECDE /* Assets.xcassets in Resources */ = {isa = PBXBuildFile; fileRef = F383108C23FD2CB78E2E7B6F /* Assets.xcassets */; };
		8856A2E660FD75135A134D85 /* Glass.swift in Sources */ = {isa = PBXBuildFile; fileRef = 5AB2816BA3D5E234430B9085 /* Glass.swift */; };
		8B05E32370926701E7645150 /* GlyphView.swift in Sources */ = {isa = PBXBuildFile; fileRef = 1594605FB516E071A5C08F6D /* GlyphView.swift */; };
		8DD005B848DF527A0C11CAC2 /* SoundEngine.swift in Sources */ = {isa = PBXBuildFile; fileRef = 518C88409DAF5D72DA61536E /* SoundEngine.swift */; };
		90392DFD9A9A1095AA242872 /* VowPromptSheet.swift in Sources */ = {isa = PBXBuildFile; fileRef = 8C4C9A5970CDBF55CC6FD9F9 /* VowPromptSheet.swift */; };
		981DDBD11C5D7C0E18B646CC /* CloudService.swift in Sources */ = {isa = PBXBuildFile; fileRef = 9DAE79C1A49FE11F15475BCD /* CloudService.swift */; };
		9C564898F08CCE86C075B658 /* VowCard.swift in Sources */ = {isa = PBXBuildFile; fileRef = C8431A4965DA3834ACEA3F51 /* VowCard.swift */; };
		9F70B11DA2B3E14436DCC7F6 /* CrewCard.swift in Sources */ = {isa = PBXBuildFile; fileRef = 2E53685CEB882ABAF68CACEE /* CrewCard.swift */; };
		A3089C1516B8B0181C9B22A5 /* Settlement.swift in Sources */ = {isa = PBXBuildFile; fileRef = ABA98CA4ABC0D955F1B1956C /* Settlement.swift */; };
		B42B66CD0DC061ACE2F8247C /* StreakCard.swift in Sources */ = {isa = PBXBuildFile; fileRef = 2169C4172E525E3B1CD8CB99 /* StreakCard.swift */; };
		B4F0CB97058FE0748681E996 /* DayClock.swift in Sources */ = {isa = PBXBuildFile; fileRef = D82C71E6F898DD5EFEE8F0F3 /* DayClock.swift */; };
		B9B03DFEEEC5C7795820A4B0 /* TestBar.swift in Sources */ = {isa = PBXBuildFile; fileRef = 4259E2F2690E22C46D182170 /* TestBar.swift */; };
		BB2E3659C67513BB071AF360 /* OrbRing.swift in Sources */ = {isa = PBXBuildFile; fileRef = A206578705C21A48FF6B16FD /* OrbRing.swift */; };
		BE64A106CE8AC0480AB1D3D4 /* OrbBody.swift in Sources */ = {isa = PBXBuildFile; fileRef = 80F7A8D024C030387668DFF9 /* OrbBody.swift */; };
		C58D3BC2E66F875574E6AA46 /* InviteSheet.swift in Sources */ = {isa = PBXBuildFile; fileRef = 3CB748DACB5726C8068D1B20 /* InviteSheet.swift */; };
		C89BDB7D6BB77FBD3468597E /* RootView.swift in Sources */ = {isa = PBXBuildFile; fileRef = 76D4B12A11FF03A627058253 /* RootView.swift */; };
		D0B02DA4E9D6B85022377D58 /* DailySeed.swift in Sources */ = {isa = PBXBuildFile; fileRef = 8AC75B9434D908C493BD10B5 /* DailySeed.swift */; };
		D5D3A2DB4BF73AA3EAE4F4F1 /* GroupColumn.swift in Sources */ = {isa = PBXBuildFile; fileRef = FD81F492F035C153468BD5B1 /* GroupColumn.swift */; };
		D64CF428396E44E3BE3B734E /* Standing.swift in Sources */ = {isa = PBXBuildFile; fileRef = 7364775C2BC4B6523DEE7A88 /* Standing.swift */; };
		D8EFF96484995425056FDC88 /* AppStore.swift in Sources */ = {isa = PBXBuildFile; fileRef = A8FC0F84317E7DD7C7927783 /* AppStore.swift */; };
		DEEFC5A45BBCA955E775D39C /* HomeView.swift in Sources */ = {isa = PBXBuildFile; fileRef = 0EFC880D72F7A8A866D69FEE /* HomeView.swift */; };
		E5BDFA6CF6D3E61FC1D676F2 /* Toast.swift in Sources */ = {isa = PBXBuildFile; fileRef = 66F921CBB2B69673915B432F /* Toast.swift */; };
		EE45A77CD0AB4AD3D011F4A3 /* VowApp.swift in Sources */ = {isa = PBXBuildFile; fileRef = 75BA2427F6CD1A89B6ABF428 /* VowApp.swift */; };
		EFF1A798174213AF785F6EA5 /* GroupRow.swift in Sources */ = {isa = PBXBuildFile; fileRef = E16650C30C100DFA33DC396D /* GroupRow.swift */; };
		F4A01C2D4CE2EE913AD248DA /* CreedLine.swift in Sources */ = {isa = PBXBuildFile; fileRef = 88FB809841E3C5E3C72B8AB8 /* CreedLine.swift */; };
		F87F91142D400DD7D27B5E3A /* OrbBurst.swift in Sources */ = {isa = PBXBuildFile; fileRef = 0D2426EABBE8442CCBEEEBB9 /* OrbBurst.swift */; };
		FD14D65E8CDD952F44099753 /* SnapshotCache.swift in Sources */ = {isa = PBXBuildFile; fileRef = C0FE2F8D915FB3EEB44E2E71 /* SnapshotCache.swift */; };
		FD643944EE7768A46EEEC9ED /* Records.swift in Sources */ = {isa = PBXBuildFile; fileRef = 731E82C164E51CA2F629AB75 /* Records.swift */; };
/* End PBXBuildFile section */

/* Begin PBXContainerItemProxy section */
		8714F9AD99CAB0BB452548CE /* PBXContainerItemProxy */ = {
			isa = PBXContainerItemProxy;
			containerPortal = DCDAB0213DB67B67028D7988 /* Project object */;
			proxyType = 1;
			remoteGlobalIDString = D0FDC5E16FEA57F72A648F5B;
			remoteInfo = Vow;
		};
/* End PBXContainerItemProxy section */

/* Begin PBXFileReference section */
		0D2426EABBE8442CCBEEEBB9 /* OrbBurst.swift */ = {isa = PBXFileReference; lastKnownFileType = sourcecode.swift; path = OrbBurst.swift; sourceTree = "<group>"; };
		0EFC880D72F7A8A866D69FEE /* HomeView.swift */ = {isa = PBXFileReference; lastKnownFileType = sourcecode.swift; path = HomeView.swift; sourceTree = "<group>"; };
		0F583E1D4F0C3B0397E9DF7D /* AppDelegate.swift */ = {isa = PBXFileReference; lastKnownFileType = sourcecode.swift; path = AppDelegate.swift; sourceTree = "<group>"; };
		1594605FB516E071A5C08F6D /* GlyphView.swift */ = {isa = PBXFileReference; lastKnownFileType = sourcecode.swift; path = GlyphView.swift; sourceTree = "<group>"; };
		1A59FE7E628F75DD144AE119 /* Creeds.swift */ = {isa = PBXFileReference; lastKnownFileType = sourcecode.swift; path = Creeds.swift; sourceTree = "<group>"; };
		1CF44994B230704608A3D485 /* Points.swift */ = {isa = PBXFileReference; lastKnownFileType = sourcecode.swift; path = Points.swift; sourceTree = "<group>"; };
		1F23508D6A1B77BC2B4B25A0 /* Vow.app */ = {isa = PBXFileReference; explicitFileType = wrapper.application; includeInIndex = 0; path = Vow.app; sourceTree = BUILT_PRODUCTS_DIR; };
		2169C4172E525E3B1CD8CB99 /* StreakCard.swift */ = {isa = PBXFileReference; lastKnownFileType = sourcecode.swift; path = StreakCard.swift; sourceTree = "<group>"; };
		222BE1C655E211E9DC92163F /* Theme.swift */ = {isa = PBXFileReference; lastKnownFileType = sourcecode.swift; path = Theme.swift; sourceTree = "<group>"; };
		237E8AE6FF0E8F50EC038B76 /* Vow.xcconfig */ = {isa = PBXFileReference; lastKnownFileType = text.xcconfig; path = Vow.xcconfig; sourceTree = "<group>"; };
		2D2514E4B8D722C61D068D0D /* OrbView.swift */ = {isa = PBXFileReference; lastKnownFileType = sourcecode.swift; path = OrbView.swift; sourceTree = "<group>"; };
		2E53685CEB882ABAF68CACEE /* CrewCard.swift */ = {isa = PBXFileReference; lastKnownFileType = sourcecode.swift; path = CrewCard.swift; sourceTree = "<group>"; };
		3230B51A50B1F904EB60E7F1 /* DayClockTests.swift */ = {isa = PBXFileReference; lastKnownFileType = sourcecode.swift; path = DayClockTests.swift; sourceTree = "<group>"; };
		32BE877B446BBDF58384ED61 /* PointsTests.swift */ = {isa = PBXFileReference; lastKnownFileType = sourcecode.swift; path = PointsTests.swift; sourceTree = "<group>"; };
		390A94F72DE72E95ACB96252 /* SettingsView.swift */ = {isa = PBXFileReference; lastKnownFileType = sourcecode.swift; path = SettingsView.swift; sourceTree = "<group>"; };
		3BE817EC651053EF237EC870 /* SettlementTests.swift */ = {isa = PBXFileReference; lastKnownFileType = sourcecode.swift; path = SettlementTests.swift; sourceTree = "<group>"; };
		3CB748DACB5726C8068D1B20 /* InviteSheet.swift */ = {isa = PBXFileReference; lastKnownFileType = sourcecode.swift; path = InviteSheet.swift; sourceTree = "<group>"; };
		4259E2F2690E22C46D182170 /* TestBar.swift */ = {isa = PBXFileReference; lastKnownFileType = sourcecode.swift; path = TestBar.swift; sourceTree = "<group>"; };
		518C88409DAF5D72DA61536E /* SoundEngine.swift */ = {isa = PBXFileReference; lastKnownFileType = sourcecode.swift; path = SoundEngine.swift; sourceTree = "<group>"; };
		58B68E20E88B30BF4AA8EB09 /* PhaseScreen.swift */ = {isa = PBXFileReference; lastKnownFileType = sourcecode.swift; path = PhaseScreen.swift; sourceTree = "<group>"; };
		5AB2816BA3D5E234430B9085 /* Glass.swift */ = {isa = PBXFileReference; lastKnownFileType = sourcecode.swift; path = Glass.swift; sourceTree = "<group>"; };
		5D40939BB3123666EEE90856 /* Buttons.swift */ = {isa = PBXFileReference; lastKnownFileType = sourcecode.swift; path = Buttons.swift; sourceTree = "<group>"; };
		627FF682A612199D574BAC09 /* GroupView.swift */ = {isa = PBXFileReference; lastKnownFileType = sourcecode.swift; path = GroupView.swift; sourceTree = "<group>"; };
		62CBAC1C4381A1B63CE24B24 /* OrbAura.swift */ = {isa = PBXFileReference; lastKnownFileType = sourcecode.swift; path = OrbAura.swift; sourceTree = "<group>"; };
		66F921CBB2B69673915B432F /* Toast.swift */ = {isa = PBXFileReference; lastKnownFileType = sourcecode.swift; path = Toast.swift; sourceTree = "<group>"; };
		6BD303C05D21EF36C3AA483C /* JoinSheet.swift */ = {isa = PBXFileReference; lastKnownFileType = sourcecode.swift; path = JoinSheet.swift; sourceTree = "<group>"; };
		6E9825161DDA7FB20285A617 /* SealedOrb.swift */ = {isa = PBXFileReference; lastKnownFileType = sourcecode.swift; path = SealedOrb.swift; sourceTree = "<group>"; };
		6F38CBFF9B7CD4F57D509357 /* CreateGroupSheet.swift */ = {isa = PBXFileReference; lastKnownFileType = sourcecode.swift; path = CreateGroupSheet.swift; sourceTree = "<group>"; };
		731E82C164E51CA2F629AB75 /* Records.swift */ = {isa = PBXFileReference; lastKnownFileType = sourcecode.swift; path = Records.swift; sourceTree = "<group>"; };
		7364775C2BC4B6523DEE7A88 /* Standing.swift */ = {isa = PBXFileReference; lastKnownFileType = sourcecode.swift; path = Standing.swift; sourceTree = "<group>"; };
		75BA2427F6CD1A89B6ABF428 /* VowApp.swift */ = {isa = PBXFileReference; lastKnownFileType = sourcecode.swift; path = VowApp.swift; sourceTree = "<group>"; };
		76D4B12A11FF03A627058253 /* RootView.swift */ = {isa = PBXFileReference; lastKnownFileType = sourcecode.swift; path = RootView.swift; sourceTree = "<group>"; };
		7A57F1B3006D5E408B0ECA45 /* GroupModels.swift */ = {isa = PBXFileReference; lastKnownFileType = sourcecode.swift; path = GroupModels.swift; sourceTree = "<group>"; };
		80F7A8D024C030387668DFF9 /* OrbBody.swift */ = {isa = PBXFileReference; lastKnownFileType = sourcecode.swift; path = OrbBody.swift; sourceTree = "<group>"; };
		8330209D9DAC8045F9712DC1 /* HeaderView.swift */ = {isa = PBXFileReference; lastKnownFileType = sourcecode.swift; path = HeaderView.swift; sourceTree = "<group>"; };
		88FB809841E3C5E3C72B8AB8 /* CreedLine.swift */ = {isa = PBXFileReference; lastKnownFileType = sourcecode.swift; path = CreedLine.swift; sourceTree = "<group>"; };
		8AC75B9434D908C493BD10B5 /* DailySeed.swift */ = {isa = PBXFileReference; lastKnownFileType = sourcecode.swift; path = DailySeed.swift; sourceTree = "<group>"; };
		8C4C9A5970CDBF55CC6FD9F9 /* VowPromptSheet.swift */ = {isa = PBXFileReference; lastKnownFileType = sourcecode.swift; path = VowPromptSheet.swift; sourceTree = "<group>"; };
		8E99C70B2A5469912F19806B /* OnboardingView.swift */ = {isa = PBXFileReference; lastKnownFileType = sourcecode.swift; path = OnboardingView.swift; sourceTree = "<group>"; };
		91017A18F722E95BE64D7C7B /* BalanceCard.swift */ = {isa = PBXFileReference; lastKnownFileType = sourcecode.swift; path = BalanceCard.swift; sourceTree = "<group>"; };
		984AFEDE6036BC211C7A3E81 /* LedgerCard.swift */ = {isa = PBXFileReference; lastKnownFileType = sourcecode.swift; path = LedgerCard.swift; sourceTree = "<group>"; };
		9DAE79C1A49FE11F15475BCD /* CloudService.swift */ = {isa = PBXFileReference; lastKnownFileType = sourcecode.swift; path = CloudService.swift; sourceTree = "<group>"; };
		A1A3F7B13A94FEAEB595306B /* OrbHoldController.swift */ = {isa = PBXFileReference; lastKnownFileType = sourcecode.swift; path = OrbHoldController.swift; sourceTree = "<group>"; };
		A206578705C21A48FF6B16FD /* OrbRing.swift */ = {isa = PBXFileReference; lastKnownFileType = sourcecode.swift; path = OrbRing.swift; sourceTree = "<group>"; };
		A81F3BD4E112BA660EC48BF0 /* OrbTiming.swift */ = {isa = PBXFileReference; lastKnownFileType = sourcecode.swift; path = OrbTiming.swift; sourceTree = "<group>"; };
		A8FC0F84317E7DD7C7927783 /* AppStore.swift */ = {isa = PBXFileReference; lastKnownFileType = sourcecode.swift; path = AppStore.swift; sourceTree = "<group>"; };
		A944BAEBEB77FD336E059C05 /* GlyphModel.swift */ = {isa = PBXFileReference; lastKnownFileType = sourcecode.swift; path = GlyphModel.swift; sourceTree = "<group>"; };
		ABA98CA4ABC0D955F1B1956C /* Settlement.swift */ = {isa = PBXFileReference; lastKnownFileType = sourcecode.swift; path = Settlement.swift; sourceTree = "<group>"; };
		AEED0A0627EDFC839E095C00 /* ShareInbox.swift */ = {isa = PBXFileReference; lastKnownFileType = sourcecode.swift; path = ShareInbox.swift; sourceTree = "<group>"; };
		B9C88AF75DA27EA96C1AF727 /* PotCard.swift */ = {isa = PBXFileReference; lastKnownFileType = sourcecode.swift; path = PotCard.swift; sourceTree = "<group>"; };
		BA9082E3B374885795918B06 /* HomeScreen.swift */ = {isa = PBXFileReference; lastKnownFileType = sourcecode.swift; path = HomeScreen.swift; sourceTree = "<group>"; };
		BF1E37683D3D5D834C18C590 /* GroupFormat.swift */ = {isa = PBXFileReference; lastKnownFileType = sourcecode.swift; path = GroupFormat.swift; sourceTree = "<group>"; };
		C0FE2F8D915FB3EEB44E2E71 /* SnapshotCache.swift */ = {isa = PBXFileReference; lastKnownFileType = sourcecode.swift; path = SnapshotCache.swift; sourceTree = "<group>"; };
		C5C2A10B193274FF898CCF0B /* VowTests.xctest */ = {isa = PBXFileReference; explicitFileType = wrapper.cfbundle; includeInIndex = 0; path = VowTests.xctest; sourceTree = BUILT_PRODUCTS_DIR; };
		C690C9AFC67EA0C20ED8480E /* SheetChrome.swift */ = {isa = PBXFileReference; lastKnownFileType = sourcecode.swift; path = SheetChrome.swift; sourceTree = "<group>"; };
		C8431A4965DA3834ACEA3F51 /* VowCard.swift */ = {isa = PBXFileReference; lastKnownFileType = sourcecode.swift; path = VowCard.swift; sourceTree = "<group>"; };
		D82C71E6F898DD5EFEE8F0F3 /* DayClock.swift */ = {isa = PBXFileReference; lastKnownFileType = sourcecode.swift; path = DayClock.swift; sourceTree = "<group>"; };
		DCC42F99EBAFEEB1D4940E77 /* Info.plist */ = {isa = PBXFileReference; lastKnownFileType = text.plist.xml; path = Info.plist; sourceTree = "<group>"; };
		E16650C30C100DFA33DC396D /* GroupRow.swift */ = {isa = PBXFileReference; lastKnownFileType = sourcecode.swift; path = GroupRow.swift; sourceTree = "<group>"; };
		E4AABEF1276EC6B06E4A95CE /* AmbientBackground.swift */ = {isa = PBXFileReference; lastKnownFileType = sourcecode.swift; path = AmbientBackground.swift; sourceTree = "<group>"; };
		E6421A4BEBA275D62F468B8F /* Vow.entitlements */ = {isa = PBXFileReference; lastKnownFileType = text.plist.entitlements; path = Vow.entitlements; sourceTree = "<group>"; };
		F3532B26D3B82BB83460998C /* Preferences.swift */ = {isa = PBXFileReference; lastKnownFileType = sourcecode.swift; path = Preferences.swift; sourceTree = "<group>"; };
		F37F9EE3BA3D53DE21709C95 /* VowText.swift */ = {isa = PBXFileReference; lastKnownFileType = sourcecode.swift; path = VowText.swift; sourceTree = "<group>"; };
		F383108C23FD2CB78E2E7B6F /* Assets.xcassets */ = {isa = PBXFileReference; lastKnownFileType = folder.assetcatalog; path = Assets.xcassets; sourceTree = "<group>"; };
		F5D732C82FE045289D27DFF8 /* ActiveOrb.swift */ = {isa = PBXFileReference; lastKnownFileType = sourcecode.swift; path = ActiveOrb.swift; sourceTree = "<group>"; };
		FD81F492F035C153468BD5B1 /* GroupColumn.swift */ = {isa = PBXFileReference; lastKnownFileType = sourcecode.swift; path = GroupColumn.swift; sourceTree = "<group>"; };
/* End PBXFileReference section */

/* Begin PBXFrameworksBuildPhase section */
		7614D77B9CCC16807A4A6631 /* Frameworks */ = {
			isa = PBXFrameworksBuildPhase;
			buildActionMask = 2147483647;
			files = (
			);
			runOnlyForDeploymentPostprocessing = 0;
		};
		A7CF7540562893A92E7E0C3C /* Frameworks */ = {
			isa = PBXFrameworksBuildPhase;
			buildActionMask = 2147483647;
			files = (
			);
			runOnlyForDeploymentPostprocessing = 0;
		};
/* End PBXFrameworksBuildPhase section */

/* Begin PBXGroup section */
		160661E06609953ABF23339C /* App */ = {
			isa = PBXGroup;
			children = (
				0F583E1D4F0C3B0397E9DF7D /* AppDelegate.swift */,
				58B68E20E88B30BF4AA8EB09 /* PhaseScreen.swift */,
				76D4B12A11FF03A627058253 /* RootView.swift */,
				75BA2427F6CD1A89B6ABF428 /* VowApp.swift */,
			);
			path = App;
			sourceTree = "<group>";
		};
		2431347B976F3A49589DA3B0 /* VowTests */ = {
			isa = PBXGroup;
			children = (
				3230B51A50B1F904EB60E7F1 /* DayClockTests.swift */,
				32BE877B446BBDF58384ED61 /* PointsTests.swift */,
				3BE817EC651053EF237EC870 /* SettlementTests.swift */,
			);
			path = VowTests;
			sourceTree = "<group>";
		};
		2849E551EF560729EDF55B7B /* Glyph */ = {
			isa = PBXGroup;
			children = (
				1A59FE7E628F75DD144AE119 /* Creeds.swift */,
				8AC75B9434D908C493BD10B5 /* DailySeed.swift */,
				A944BAEBEB77FD336E059C05 /* GlyphModel.swift */,
				1594605FB516E071A5C08F6D /* GlyphView.swift */,
			);
			path = Glyph;
			sourceTree = "<group>";
		};
		52FAC414088AD9D93CEA7C03 /* Sound */ = {
			isa = PBXGroup;
			children = (
				518C88409DAF5D72DA61536E /* SoundEngine.swift */,
			);
			path = Sound;
			sourceTree = "<group>";
		};
		5B38CC909DA78294FEF9EFD4 /* Cards */ = {
			isa = PBXGroup;
			children = (
				5D40939BB3123666EEE90856 /* Buttons.swift */,
				88FB809841E3C5E3C72B8AB8 /* CreedLine.swift */,
				2E53685CEB882ABAF68CACEE /* CrewCard.swift */,
				8330209D9DAC8045F9712DC1 /* HeaderView.swift */,
				984AFEDE6036BC211C7A3E81 /* LedgerCard.swift */,
				B9C88AF75DA27EA96C1AF727 /* PotCard.swift */,
				C690C9AFC67EA0C20ED8480E /* SheetChrome.swift */,
				2169C4172E525E3B1CD8CB99 /* StreakCard.swift */,
				66F921CBB2B69673915B432F /* Toast.swift */,
				C8431A4965DA3834ACEA3F51 /* VowCard.swift */,
			);
			path = Cards;
			sourceTree = "<group>";
		};
		5FB69639CFD1339773BBE807 /* Products */ = {
			isa = PBXGroup;
			children = (
				1F23508D6A1B77BC2B4B25A0 /* Vow.app */,
				C5C2A10B193274FF898CCF0B /* VowTests.xctest */,
			);
			name = Products;
			sourceTree = "<group>";
		};
		70C4F6B8E2834ABE0C96AB78 /* Cloud */ = {
			isa = PBXGroup;
			children = (
				9DAE79C1A49FE11F15475BCD /* CloudService.swift */,
				731E82C164E51CA2F629AB75 /* Records.swift */,
				AEED0A0627EDFC839E095C00 /* ShareInbox.swift */,
			);
			path = Cloud;
			sourceTree = "<group>";
		};
		898FF25EF4230F2F6C154550 /* Group */ = {
			isa = PBXGroup;
			children = (
				FD81F492F035C153468BD5B1 /* GroupColumn.swift */,
				BF1E37683D3D5D834C18C590 /* GroupFormat.swift */,
				627FF682A612199D574BAC09 /* GroupView.swift */,
				3CB748DACB5726C8068D1B20 /* InviteSheet.swift */,
				4259E2F2690E22C46D182170 /* TestBar.swift */,
				8C4C9A5970CDBF55CC6FD9F9 /* VowPromptSheet.swift */,
			);
			path = Group;
			sourceTree = "<group>";
		};
		89DEC871963E9992BF204C86 /* Config */ = {
			isa = PBXGroup;
			children = (
				237E8AE6FF0E8F50EC038B76 /* Vow.xcconfig */,
			);
			path = Config;
			sourceTree = "<group>";
		};
		90EC4E3E616B0A6208E2CBBC /* Store */ = {
			isa = PBXGroup;
			children = (
				A8FC0F84317E7DD7C7927783 /* AppStore.swift */,
				F3532B26D3B82BB83460998C /* Preferences.swift */,
				C0FE2F8D915FB3EEB44E2E71 /* SnapshotCache.swift */,
			);
			path = Store;
			sourceTree = "<group>";
		};
		92AB8A9BF054F478586AB0CD /* Home */ = {
			isa = PBXGroup;
			children = (
				91017A18F722E95BE64D7C7B /* BalanceCard.swift */,
				6F38CBFF9B7CD4F57D509357 /* CreateGroupSheet.swift */,
				E16650C30C100DFA33DC396D /* GroupRow.swift */,
				BA9082E3B374885795918B06 /* HomeScreen.swift */,
				0EFC880D72F7A8A866D69FEE /* HomeView.swift */,
				6BD303C05D21EF36C3AA483C /* JoinSheet.swift */,
			);
			path = Home;
			sourceTree = "<group>";
		};
		A2A50538E928978038167FC0 /* Vow */ = {
			isa = PBXGroup;
			children = (
				160661E06609953ABF23339C /* App */,
				5B38CC909DA78294FEF9EFD4 /* Cards */,
				70C4F6B8E2834ABE0C96AB78 /* Cloud */,
				F23C495279B45CE0E7B799E9 /* Domain */,
				2849E551EF560729EDF55B7B /* Glyph */,
				898FF25EF4230F2F6C154550 /* Group */,
				92AB8A9BF054F478586AB0CD /* Home */,
				C253607F97F0E70A44C95F33 /* Onboarding */,
				BF72872D049A50A5988560DF /* Orb */,
				D8A5F8B5616E50FB74883A3B /* Settings */,
				52FAC414088AD9D93CEA7C03 /* Sound */,
				90EC4E3E616B0A6208E2CBBC /* Store */,
				CEC991BFB144607DF77426D2 /* Theme */,
				F383108C23FD2CB78E2E7B6F /* Assets.xcassets */,
				DCC42F99EBAFEEB1D4940E77 /* Info.plist */,
				E6421A4BEBA275D62F468B8F /* Vow.entitlements */,
			);
			path = Vow;
			sourceTree = "<group>";
		};
		BF67D7FA36B02F5FA90148EC = {
			isa = PBXGroup;
			children = (
				A2A50538E928978038167FC0 /* Vow */,
				2431347B976F3A49589DA3B0 /* VowTests */,
				89DEC871963E9992BF204C86 /* Config */,
				5FB69639CFD1339773BBE807 /* Products */,
			);
			sourceTree = "<group>";
		};
		BF72872D049A50A5988560DF /* Orb */ = {
			isa = PBXGroup;
			children = (
				F5D732C82FE045289D27DFF8 /* ActiveOrb.swift */,
				62CBAC1C4381A1B63CE24B24 /* OrbAura.swift */,
				80F7A8D024C030387668DFF9 /* OrbBody.swift */,
				0D2426EABBE8442CCBEEEBB9 /* OrbBurst.swift */,
				A1A3F7B13A94FEAEB595306B /* OrbHoldController.swift */,
				A206578705C21A48FF6B16FD /* OrbRing.swift */,
				A81F3BD4E112BA660EC48BF0 /* OrbTiming.swift */,
				2D2514E4B8D722C61D068D0D /* OrbView.swift */,
				6E9825161DDA7FB20285A617 /* SealedOrb.swift */,
			);
			path = Orb;
			sourceTree = "<group>";
		};
		C253607F97F0E70A44C95F33 /* Onboarding */ = {
			isa = PBXGroup;
			children = (
				8E99C70B2A5469912F19806B /* OnboardingView.swift */,
			);
			path = Onboarding;
			sourceTree = "<group>";
		};
		CEC991BFB144607DF77426D2 /* Theme */ = {
			isa = PBXGroup;
			children = (
				E4AABEF1276EC6B06E4A95CE /* AmbientBackground.swift */,
				5AB2816BA3D5E234430B9085 /* Glass.swift */,
				222BE1C655E211E9DC92163F /* Theme.swift */,
			);
			path = Theme;
			sourceTree = "<group>";
		};
		D8A5F8B5616E50FB74883A3B /* Settings */ = {
			isa = PBXGroup;
			children = (
				390A94F72DE72E95ACB96252 /* SettingsView.swift */,
			);
			path = Settings;
			sourceTree = "<group>";
		};
		F23C495279B45CE0E7B799E9 /* Domain */ = {
			isa = PBXGroup;
			children = (
				D82C71E6F898DD5EFEE8F0F3 /* DayClock.swift */,
				7A57F1B3006D5E408B0ECA45 /* GroupModels.swift */,
				1CF44994B230704608A3D485 /* Points.swift */,
				ABA98CA4ABC0D955F1B1956C /* Settlement.swift */,
				7364775C2BC4B6523DEE7A88 /* Standing.swift */,
				F37F9EE3BA3D53DE21709C95 /* VowText.swift */,
			);
			path = Domain;
			sourceTree = "<group>";
		};
/* End PBXGroup section */

/* Begin PBXNativeTarget section */
		28C2A21AB1BB035E34A42B5F /* VowTests */ = {
			isa = PBXNativeTarget;
			buildConfigurationList = 3900F9602CA50FEAB8677C5D /* Build configuration list for PBXNativeTarget "VowTests" */;
			buildPhases = (
				A57F9AE9D1200870B69BF28C /* Sources */,
				7614D77B9CCC16807A4A6631 /* Frameworks */,
				BFD48133796ACC978F3B33AB /* Resources */,
			);
			buildRules = (
			);
			dependencies = (
				E6C05FC67093C139CA1EA38F /* PBXTargetDependency */,
			);
			name = VowTests;
			productName = VowTests;
			productReference = C5C2A10B193274FF898CCF0B /* VowTests.xctest */;
			productType = "com.apple.product-type.bundle.unit-test";
		};
		D0FDC5E16FEA57F72A648F5B /* Vow */ = {
			isa = PBXNativeTarget;
			buildConfigurationList = AF73506447AD0BC9EA3B0437 /* Build configuration list for PBXNativeTarget "Vow" */;
			buildPhases = (
				BF596427DFCE1D36CF8CBA3D /* Sources */,
				A7CF7540562893A92E7E0C3C /* Frameworks */,
				984419745E53F69D203012DE /* Resources */,
			);
			buildRules = (
			);
			dependencies = (
			);
			name = Vow;
			productName = Vow;
			productReference = 1F23508D6A1B77BC2B4B25A0 /* Vow.app */;
			productType = "com.apple.product-type.application";
		};
/* End PBXNativeTarget section */

/* Begin PBXProject section */
		DCDAB0213DB67B67028D7988 /* Project object */ = {
			isa = PBXProject;
			attributes = {
				BuildIndependentTargetsInParallel = 1;
				LastSwiftUpdateCheck = 1600;
				LastUpgradeCheck = 1600;
				TargetAttributes = {
					28C2A21AB1BB035E34A42B5F = {
						CreatedOnToolsVersion = 16.0;
						TestTargetID = D0FDC5E16FEA57F72A648F5B;
					};
					D0FDC5E16FEA57F72A648F5B = {
						CreatedOnToolsVersion = 16.0;
					};
				};
			};
			buildConfigurationList = BB9A738C75BFE78F9A37FBF6 /* Build configuration list for PBXProject "Vow" */;
			compatibilityVersion = "Xcode 14.0";
			developmentRegion = en;
			hasScannedForEncodings = 0;
			knownRegions = (
				en,
				Base,
			);
			mainGroup = BF67D7FA36B02F5FA90148EC;
			productRefGroup = 5FB69639CFD1339773BBE807 /* Products */;
			projectDirPath = "";
			projectRoot = "";
			targets = (
				D0FDC5E16FEA57F72A648F5B /* Vow */,
				28C2A21AB1BB035E34A42B5F /* VowTests */,
			);
		};
/* End PBXProject section */

/* Begin PBXResourcesBuildPhase section */
		984419745E53F69D203012DE /* Resources */ = {
			isa = PBXResourcesBuildPhase;
			buildActionMask = 2147483647;
			files = (
				87DC4671DA2F1B65DED3ECDE /* Assets.xcassets in Resources */,
			);
			runOnlyForDeploymentPostprocessing = 0;
		};
		BFD48133796ACC978F3B33AB /* Resources */ = {
			isa = PBXResourcesBuildPhase;
			buildActionMask = 2147483647;
			files = (
			);
			runOnlyForDeploymentPostprocessing = 0;
		};
/* End PBXResourcesBuildPhase section */

/* Begin PBXSourcesBuildPhase section */
		A57F9AE9D1200870B69BF28C /* Sources */ = {
			isa = PBXSourcesBuildPhase;
			buildActionMask = 2147483647;
			files = (
				4BB6DEBCBA67B2E4FAA85D03 /* DayClockTests.swift in Sources */,
				841CD7353574A33FBB149CFA /* PointsTests.swift in Sources */,
				036824811F517C4322217883 /* SettlementTests.swift in Sources */,
			);
			runOnlyForDeploymentPostprocessing = 0;
		};
		BF596427DFCE1D36CF8CBA3D /* Sources */ = {
			isa = PBXSourcesBuildPhase;
			buildActionMask = 2147483647;
			files = (
				66BCA557E73F166F73E6D44D /* AppDelegate.swift in Sources */,
				088E11E5FC88D7B42474A366 /* PhaseScreen.swift in Sources */,
				C89BDB7D6BB77FBD3468597E /* RootView.swift in Sources */,
				EE45A77CD0AB4AD3D011F4A3 /* VowApp.swift in Sources */,
				85E530AD3B0E2832FE150C88 /* Buttons.swift in Sources */,
				F4A01C2D4CE2EE913AD248DA /* CreedLine.swift in Sources */,
				9F70B11DA2B3E14436DCC7F6 /* CrewCard.swift in Sources */,
				30DC02D35C3FE2D474C87989 /* HeaderView.swift in Sources */,
				40612136DF6902CED4BF4B95 /* LedgerCard.swift in Sources */,
				1EF762F90E39EE19F0C08A1B /* PotCard.swift in Sources */,
				4317B5AC5F255406273FEE8C /* SheetChrome.swift in Sources */,
				B42B66CD0DC061ACE2F8247C /* StreakCard.swift in Sources */,
				E5BDFA6CF6D3E61FC1D676F2 /* Toast.swift in Sources */,
				9C564898F08CCE86C075B658 /* VowCard.swift in Sources */,
				981DDBD11C5D7C0E18B646CC /* CloudService.swift in Sources */,
				FD643944EE7768A46EEEC9ED /* Records.swift in Sources */,
				3F6B8BBDE1F5619C77E68D11 /* ShareInbox.swift in Sources */,
				B4F0CB97058FE0748681E996 /* DayClock.swift in Sources */,
				476547A094811487D58BF9FE /* GroupModels.swift in Sources */,
				26F42BB5708554DCC03DF2BD /* Points.swift in Sources */,
				A3089C1516B8B0181C9B22A5 /* Settlement.swift in Sources */,
				D64CF428396E44E3BE3B734E /* Standing.swift in Sources */,
				6D2BB00BC20BC80FB9AAA0CF /* VowText.swift in Sources */,
				7D3556CC7C936B7324615D80 /* Creeds.swift in Sources */,
				D0B02DA4E9D6B85022377D58 /* DailySeed.swift in Sources */,
				2CFA91AD814BF844AEED7363 /* GlyphModel.swift in Sources */,
				8B05E32370926701E7645150 /* GlyphView.swift in Sources */,
				D5D3A2DB4BF73AA3EAE4F4F1 /* GroupColumn.swift in Sources */,
				02FC052DADB194497874806F /* GroupFormat.swift in Sources */,
				112C5E49749D78A94ED93E4E /* GroupView.swift in Sources */,
				C58D3BC2E66F875574E6AA46 /* InviteSheet.swift in Sources */,
				B9B03DFEEEC5C7795820A4B0 /* TestBar.swift in Sources */,
				90392DFD9A9A1095AA242872 /* VowPromptSheet.swift in Sources */,
				659351953B130B26D5035C99 /* BalanceCard.swift in Sources */,
				36A43B6E7A0106C421A99DFF /* CreateGroupSheet.swift in Sources */,
				EFF1A798174213AF785F6EA5 /* GroupRow.swift in Sources */,
				1A574CB05B5CC984D9BC151A /* HomeScreen.swift in Sources */,
				DEEFC5A45BBCA955E775D39C /* HomeView.swift in Sources */,
				4A4D0054846155EA3138D7BB /* JoinSheet.swift in Sources */,
				1F24252A6F539632BA48BC01 /* OnboardingView.swift in Sources */,
				54AD128089C1EB2C127293EB /* ActiveOrb.swift in Sources */,
				5FDC8D4E7287BF8B121E3113 /* OrbAura.swift in Sources */,
				BE64A106CE8AC0480AB1D3D4 /* OrbBody.swift in Sources */,
				F87F91142D400DD7D27B5E3A /* OrbBurst.swift in Sources */,
				7FDB57C5626B73C3EA1A8EAE /* OrbHoldController.swift in Sources */,
				BB2E3659C67513BB071AF360 /* OrbRing.swift in Sources */,
				02DDDD53D9968D2CADA8201B /* OrbTiming.swift in Sources */,
				2A5B4BBC33611CE5B6E2DEB1 /* OrbView.swift in Sources */,
				376C32DF8A7620141B5DED95 /* SealedOrb.swift in Sources */,
				85EAAE92A0E09C8BBD17D35D /* SettingsView.swift in Sources */,
				8DD005B848DF527A0C11CAC2 /* SoundEngine.swift in Sources */,
				D8EFF96484995425056FDC88 /* AppStore.swift in Sources */,
				8017A0E6740A6814C05AFC6A /* Preferences.swift in Sources */,
				FD14D65E8CDD952F44099753 /* SnapshotCache.swift in Sources */,
				2A7B4A8ED0691A120F93183D /* AmbientBackground.swift in Sources */,
				8856A2E660FD75135A134D85 /* Glass.swift in Sources */,
				3626F9DFB582D6CBD6F91E00 /* Theme.swift in Sources */,
			);
			runOnlyForDeploymentPostprocessing = 0;
		};
/* End PBXSourcesBuildPhase section */

/* Begin PBXTargetDependency section */
		E6C05FC67093C139CA1EA38F /* PBXTargetDependency */ = {
			isa = PBXTargetDependency;
			target = D0FDC5E16FEA57F72A648F5B /* Vow */;
			targetProxy = 8714F9AD99CAB0BB452548CE /* PBXContainerItemProxy */;
		};
/* End PBXTargetDependency section */

/* Begin XCBuildConfiguration section */
		41C4459EF83C88759EC38630 /* Release */ = {
			isa = XCBuildConfiguration;
			buildSettings = {
				BUNDLE_LOADER = "$(TEST_HOST)";
				CODE_SIGN_STYLE = Automatic;
				GENERATE_INFOPLIST_FILE = YES;
				IPHONEOS_DEPLOYMENT_TARGET = 17.0;
				LD_RUNPATH_SEARCH_PATHS = (
					"$(inherited)",
					"@executable_path/Frameworks",
					"@loader_path/Frameworks",
				);
				PRODUCT_BUNDLE_IDENTIFIER = com.example.vow.tests;
				PRODUCT_NAME = "$(TARGET_NAME)";
				SDKROOT = iphoneos;
				SWIFT_VERSION = 5.0;
				TARGETED_DEVICE_FAMILY = 1;
				TEST_HOST = "$(BUILT_PRODUCTS_DIR)/Vow.app/$(BUNDLE_EXECUTABLE_FOLDER_PATH)/Vow";
			};
			name = Release;
		};
		5D87A2FE3D1186281964B722 /* Release */ = {
			isa = XCBuildConfiguration;
			buildSettings = {
				ALWAYS_SEARCH_USER_PATHS = NO;
				CLANG_ANALYZER_NONNULL = YES;
				CLANG_ANALYZER_NUMBER_OBJECT_CONVERSION = YES_AGGRESSIVE;
				CLANG_CXX_LANGUAGE_STANDARD = "gnu++20";
				CLANG_ENABLE_MODULES = YES;
				CLANG_ENABLE_OBJC_ARC = YES;
				CLANG_ENABLE_OBJC_WEAK = YES;
				CLANG_WARN_BLOCK_CAPTURE_AUTORELEASING = YES;
				CLANG_WARN_BOOL_CONVERSION = YES;
				CLANG_WARN_COMMA = YES;
				CLANG_WARN_CONSTANT_CONVERSION = YES;
				CLANG_WARN_DEPRECATED_OBJC_IMPLEMENTATIONS = YES;
				CLANG_WARN_DIRECT_OBJC_ISA_USAGE = YES_ERROR;
				CLANG_WARN_DOCUMENTATION_COMMENTS = YES;
				CLANG_WARN_EMPTY_BODY = YES;
				CLANG_WARN_ENUM_CONVERSION = YES;
				CLANG_WARN_INFINITE_RECURSION = YES;
				CLANG_WARN_INT_CONVERSION = YES;
				CLANG_WARN_NON_LITERAL_NULL_CONVERSION = YES;
				CLANG_WARN_OBJC_IMPLICIT_RETAIN_SELF = YES;
				CLANG_WARN_OBJC_LITERAL_CONVERSION = YES;
				CLANG_WARN_OBJC_ROOT_CLASS = YES_ERROR;
				CLANG_WARN_QUOTED_INCLUDE_IN_FRAMEWORK_HEADER = YES;
				CLANG_WARN_RANGE_LOOP_ANALYSIS = YES;
				CLANG_WARN_STRICT_PROTOTYPES = YES;
				CLANG_WARN_SUSPICIOUS_MOVE = YES;
				CLANG_WARN_UNGUARDED_AVAILABILITY = YES_AGGRESSIVE;
				CLANG_WARN_UNREACHABLE_CODE = YES;
				CLANG_WARN__DUPLICATE_METHOD_MATCH = YES;
				COPY_PHASE_STRIP = NO;
				DEBUG_INFORMATION_FORMAT = "dwarf-with-dsym";
				ENABLE_NS_ASSERTIONS = NO;
				ENABLE_STRICT_OBJC_MSGSEND = YES;
				GCC_C_LANGUAGE_STANDARD = gnu17;
				GCC_NO_COMMON_BLOCKS = YES;
				GCC_WARN_64_TO_32_BIT_CONVERSION = YES;
				GCC_WARN_ABOUT_RETURN_TYPE = YES_ERROR;
				GCC_WARN_UNDECLARED_SELECTOR = YES;
				GCC_WARN_UNINITIALIZED_AUTOS = YES_AGGRESSIVE;
				GCC_WARN_UNUSED_FUNCTION = YES;
				GCC_WARN_UNUSED_VARIABLE = YES;
				IPHONEOS_DEPLOYMENT_TARGET = 17.0;
				LOCALIZATION_PREFERS_STRING_CATALOGS = YES;
				MTL_ENABLE_DEBUG_INFO = NO;
				MTL_FAST_MATH = YES;
				SDKROOT = iphoneos;
				SWIFT_COMPILATION_MODE = wholemodule;
				SWIFT_OPTIMIZATION_LEVEL = "-O";
				VALIDATE_PRODUCT = YES;
			};
			name = Release;
		};
		668D25E0698F87C41143ECBA /* Debug */ = {
			isa = XCBuildConfiguration;
			buildSettings = {
				ALWAYS_SEARCH_USER_PATHS = NO;
				CLANG_ANALYZER_NONNULL = YES;
				CLANG_ANALYZER_NUMBER_OBJECT_CONVERSION = YES_AGGRESSIVE;
				CLANG_CXX_LANGUAGE_STANDARD = "gnu++20";
				CLANG_ENABLE_MODULES = YES;
				CLANG_ENABLE_OBJC_ARC = YES;
				CLANG_ENABLE_OBJC_WEAK = YES;
				CLANG_WARN_BLOCK_CAPTURE_AUTORELEASING = YES;
				CLANG_WARN_BOOL_CONVERSION = YES;
				CLANG_WARN_COMMA = YES;
				CLANG_WARN_CONSTANT_CONVERSION = YES;
				CLANG_WARN_DEPRECATED_OBJC_IMPLEMENTATIONS = YES;
				CLANG_WARN_DIRECT_OBJC_ISA_USAGE = YES_ERROR;
				CLANG_WARN_DOCUMENTATION_COMMENTS = YES;
				CLANG_WARN_EMPTY_BODY = YES;
				CLANG_WARN_ENUM_CONVERSION = YES;
				CLANG_WARN_INFINITE_RECURSION = YES;
				CLANG_WARN_INT_CONVERSION = YES;
				CLANG_WARN_NON_LITERAL_NULL_CONVERSION = YES;
				CLANG_WARN_OBJC_IMPLICIT_RETAIN_SELF = YES;
				CLANG_WARN_OBJC_LITERAL_CONVERSION = YES;
				CLANG_WARN_OBJC_ROOT_CLASS = YES_ERROR;
				CLANG_WARN_QUOTED_INCLUDE_IN_FRAMEWORK_HEADER = YES;
				CLANG_WARN_RANGE_LOOP_ANALYSIS = YES;
				CLANG_WARN_STRICT_PROTOTYPES = YES;
				CLANG_WARN_SUSPICIOUS_MOVE = YES;
				CLANG_WARN_UNGUARDED_AVAILABILITY = YES_AGGRESSIVE;
				CLANG_WARN_UNREACHABLE_CODE = YES;
				CLANG_WARN__DUPLICATE_METHOD_MATCH = YES;
				COPY_PHASE_STRIP = NO;
				DEBUG_INFORMATION_FORMAT = dwarf;
				ENABLE_STRICT_OBJC_MSGSEND = YES;
				ENABLE_TESTABILITY = YES;
				GCC_C_LANGUAGE_STANDARD = gnu17;
				GCC_DYNAMIC_NO_PIC = NO;
				GCC_NO_COMMON_BLOCKS = YES;
				GCC_OPTIMIZATION_LEVEL = 0;
				GCC_PREPROCESSOR_DEFINITIONS = (
					"DEBUG=1",
					"$(inherited)",
				);
				GCC_WARN_64_TO_32_BIT_CONVERSION = YES;
				GCC_WARN_ABOUT_RETURN_TYPE = YES_ERROR;
				GCC_WARN_UNDECLARED_SELECTOR = YES;
				GCC_WARN_UNINITIALIZED_AUTOS = YES_AGGRESSIVE;
				GCC_WARN_UNUSED_FUNCTION = YES;
				GCC_WARN_UNUSED_VARIABLE = YES;
				IPHONEOS_DEPLOYMENT_TARGET = 17.0;
				LOCALIZATION_PREFERS_STRING_CATALOGS = YES;
				MTL_ENABLE_DEBUG_INFO = INCLUDE_SOURCE;
				MTL_FAST_MATH = YES;
				ONLY_ACTIVE_ARCH = YES;
				SDKROOT = iphoneos;
				SWIFT_ACTIVE_COMPILATION_CONDITIONS = "DEBUG $(inherited)";
				SWIFT_OPTIMIZATION_LEVEL = "-Onone";
			};
			name = Debug;
		};
		9286993EE62643210C76A2BA /* Release */ = {
			isa = XCBuildConfiguration;
			baseConfigurationReference = 237E8AE6FF0E8F50EC038B76 /* Vow.xcconfig */;
			buildSettings = {
				ASSETCATALOG_COMPILER_APPICON_NAME = AppIcon;
				CODE_SIGN_ENTITLEMENTS = Vow/Vow.entitlements;
				CODE_SIGN_STYLE = Automatic;
				CURRENT_PROJECT_VERSION = 1;
				ENABLE_PREVIEWS = YES;
				GENERATE_INFOPLIST_FILE = NO;
				INFOPLIST_FILE = Vow/Info.plist;
				IPHONEOS_DEPLOYMENT_TARGET = 17.0;
				LD_RUNPATH_SEARCH_PATHS = (
					"$(inherited)",
					"@executable_path/Frameworks",
				);
				MARKETING_VERSION = 1.0;
				PRODUCT_NAME = "$(TARGET_NAME)";
				SDKROOT = iphoneos;
				SWIFT_EMIT_LOC_STRINGS = YES;
				SWIFT_VERSION = 5.0;
				TARGETED_DEVICE_FAMILY = 1;
			};
			name = Release;
		};
		AE5C515D2B7887686F2B034F /* Debug */ = {
			isa = XCBuildConfiguration;
			buildSettings = {
				BUNDLE_LOADER = "$(TEST_HOST)";
				CODE_SIGN_STYLE = Automatic;
				GENERATE_INFOPLIST_FILE = YES;
				IPHONEOS_DEPLOYMENT_TARGET = 17.0;
				LD_RUNPATH_SEARCH_PATHS = (
					"$(inherited)",
					"@executable_path/Frameworks",
					"@loader_path/Frameworks",
				);
				PRODUCT_BUNDLE_IDENTIFIER = com.example.vow.tests;
				PRODUCT_NAME = "$(TARGET_NAME)";
				SDKROOT = iphoneos;
				SWIFT_VERSION = 5.0;
				TARGETED_DEVICE_FAMILY = 1;
				TEST_HOST = "$(BUILT_PRODUCTS_DIR)/Vow.app/$(BUNDLE_EXECUTABLE_FOLDER_PATH)/Vow";
			};
			name = Debug;
		};
		E30CE0BA93CADB5C3D372915 /* Debug */ = {
			isa = XCBuildConfiguration;
			baseConfigurationReference = 237E8AE6FF0E8F50EC038B76 /* Vow.xcconfig */;
			buildSettings = {
				ASSETCATALOG_COMPILER_APPICON_NAME = AppIcon;
				CODE_SIGN_ENTITLEMENTS = Vow/Vow.entitlements;
				CODE_SIGN_STYLE = Automatic;
				CURRENT_PROJECT_VERSION = 1;
				ENABLE_PREVIEWS = YES;
				GENERATE_INFOPLIST_FILE = NO;
				INFOPLIST_FILE = Vow/Info.plist;
				IPHONEOS_DEPLOYMENT_TARGET = 17.0;
				LD_RUNPATH_SEARCH_PATHS = (
					"$(inherited)",
					"@executable_path/Frameworks",
				);
				MARKETING_VERSION = 1.0;
				PRODUCT_NAME = "$(TARGET_NAME)";
				SDKROOT = iphoneos;
				SWIFT_EMIT_LOC_STRINGS = YES;
				SWIFT_VERSION = 5.0;
				TARGETED_DEVICE_FAMILY = 1;
			};
			name = Debug;
		};
/* End XCBuildConfiguration section */

/* Begin XCConfigurationList section */
		3900F9602CA50FEAB8677C5D /* Build configuration list for PBXNativeTarget "VowTests" */ = {
			isa = XCConfigurationList;
			buildConfigurations = (
				AE5C515D2B7887686F2B034F /* Debug */,
				41C4459EF83C88759EC38630 /* Release */,
			);
			defaultConfigurationIsVisible = 0;
			defaultConfigurationName = Release;
		};
		AF73506447AD0BC9EA3B0437 /* Build configuration list for PBXNativeTarget "Vow" */ = {
			isa = XCConfigurationList;
			buildConfigurations = (
				E30CE0BA93CADB5C3D372915 /* Debug */,
				9286993EE62643210C76A2BA /* Release */,
			);
			defaultConfigurationIsVisible = 0;
			defaultConfigurationName = Release;
		};
		BB9A738C75BFE78F9A37FBF6 /* Build configuration list for PBXProject "Vow" */ = {
			isa = XCConfigurationList;
			buildConfigurations = (
				668D25E0698F87C41143ECBA /* Debug */,
				5D87A2FE3D1186281964B722 /* Release */,
			);
			defaultConfigurationIsVisible = 0;
			defaultConfigurationName = Release;
		};
/* End XCConfigurationList section */
	};
	rootObject = DCDAB0213DB67B67028D7988 /* Project object */;
}
